
Microsoft Visual Studio Solution File, Format Version 12.00
# Visual Studio Version 16
VisualStudioVersion = 16.0.30503.244
MinimumVisualStudioVersion = 10.0.40219.1
Project("{FAE04EC0-301F-11D3-BF4B-00C04F79EFBC}") = "Superhero Project", "Superhero Project\Superhero Project.csproj", "{4F892667-165F-4D50-BF8B-CD5A6E7C9073}"
EndProject
Global
	GlobalSection(SolutionConfigurationPlatforms) = preSolution
		Debug|Any CPU = Debug|Any CPU
		Release|Any CPU = Release|Any CPU
	EndGlobalSection
	GlobalSection(ProjectConfigurationPlatforms) = postSolution
		{4F892667-165F-4D50-BF8B-CD5A6E7C9073}.Debug|Any CPU.ActiveCfg = Debug|Any CPU
		{4F892667-165F-4D50-BF8B-CD5A6E7C9073}.Debug|Any CPU.Build.0 = Debug|Any CPU
		{4F892667-165F-4D50-BF8B-CD5A6E7C9073}.Release|Any CPU.ActiveCfg = Release|Any CPU
		{4F892667-165F-4D50-BF8B-CD5A6E7C9073}.Release|Any CPU.Build.0 = Release|Any CPU
	EndGlobalSection
	GlobalSection(SolutionProperties) = preSolution
		HideSolutionNode = FALSE
	EndGlobalSection
	GlobalSection(ExtensibilityGlobals) = postSolution
		SolutionGuid = {1D75F21C-0090-46AD-8CC6-2F96919D8127}
	EndGlobalSection
EndGlobal
